// !$*UTF8*$!
{
	archiveVersion = 1;
	classes = {
	};
	objectVersion = 48;
	objects = {

/* Begin PBXBuildFile section */
		9B5E692C2084EC49001DA29C /* AppDelegate.m in Sources */ = {isa = PBXBuildFile; fileRef = 9B5E692B2084EC49001DA29C /* AppDelegate.m */; };
		9B5E692F2084EC49001DA29C /* ViewController.m in Sources */ = {isa = PBXBuildFile; fileRef = 9B5E692E2084EC49001DA29C /* ViewController.m */; };
		9B5E69322084EC49001DA29C /* Main.storyboard in Resources */ = {isa = PBXBuildFile; fileRef = 9B5E69302084EC49001DA29C /* Main.storyboard */; };
		9B5E69342084EC49001DA29C /* Assets.xcassets in Resources */ = {isa = PBXBuildFile; fileRef = 9B5E69332084EC49001DA29C /* Assets.xcassets */; };
		9B5E69372084EC49001DA29C /* LaunchScreen.storyboard in Resources */ = {isa = PBXBuildFile; fileRef = 9B5E69352084EC49001DA29C /* LaunchScreen.storyboard */; };
		9B5E693A2084EC4A001DA29C /* main.m in Sources */ = {isa = PBXBuildFile; fileRef = 9B5E69392084EC4A001DA29C /* main.m */; };
		9B5E69442084EC4A001DA29C /* UIImageViewDemoTests.m in Sources */ = {isa = PBXBuildFile; fileRef = 9B5E69432084EC4A001DA29C /* UIImageViewDemoTests.m */; };
		9B5E694F2084EC4A001DA29C /* UIImageViewDemoUITests.m in Sources */ = {isa = PBXBuildFile; fileRef = 9B5E694E2084EC4A001DA29C /* UIImageViewDemoUITests.m */; };
		9B5E695D2084ED52001DA29C /* image1.png in Resources */ = {isa = PBXBuildFile; fileRef = 9B5E695C2084ED52001DA29C /* image1.png */; };
		9B5E69602084EE73001DA29C /* ContentModelTableViewController.m in Sources */ = {isa = PBXBuildFile; fileRef = 9B5E695F2084EE73001DA29C /* ContentModelTableViewController.m */; };
		9B5E69632084F2AC001DA29C /* ContentModelViewController.m in Sources */ = {isa = PBXBuildFile; fileRef = 9B5E69622084F2AC001DA29C /* ContentModelViewController.m */; };
		9B5E69652084F657001DA29C /* audi.jpg in Resources */ = {isa = PBXBuildFile; fileRef = 9B5E69642084F657001DA29C /* audi.jpg */; };
		9B5E69682084FA7C001DA29C /* CutViewController.m in Sources */ = {isa = PBXBuildFile; fileRef = 9B5E69672084FA7C001DA29C /* CutViewController.m */; };
		9B5E696B2084FDA5001DA29C /* ResizableTableViewController.m in Sources */ = {isa = PBXBuildFile; fileRef = 9B5E696A2084FDA5001DA29C /* ResizableTableViewController.m */; };
		9B5E696E2084FDBD001DA29C /* ResizableViewController.m in Sources */ = {isa = PBXBuildFile; fileRef = 9B5E696D2084FDBD001DA29C /* ResizableViewController.m */; };
		9B5E69B920863842001DA29C /* yuechongzhi_select@2x.png in Resources */ = {isa = PBXBuildFile; fileRef = 9B5E69B720863841001DA29C /* yuechongzhi_select@2x.png */; };
		9B5E69BA20863842001DA29C /* yuechongzhi_select@3x.png in Resources */ = {isa = PBXBuildFile; fileRef = 9B5E69B820863841001DA29C /* yuechongzhi_select@3x.png */; };
		9B5E69BD208638EC001DA29C /* ButtonViewController.m in Sources */ = {isa = PBXBuildFile; fileRef = 9B5E69BC208638EC001DA29C /* ButtonViewController.m */; };
/* End PBXBuildFile section */

/* Begin PBXContainerItemProxy section */
		9B5E69402084EC4A001DA29C /* PBXContainerItemProxy */ = {
			isa = PBXContainerItemProxy;
			containerPortal = 9B5E691F2084EC49001DA29C /* Project object */;
			proxyType = 1;
			remoteGlobalIDString = 9B5E69262084EC49001DA29C;
			remoteInfo = UIImageViewDemo;
		};
		9B5E694B2084EC4A001DA29C /* PBXContainerItemProxy */ = {
			isa = PBXContainerItemProxy;
			containerPortal = 9B5E691F2084EC49001DA29C /* Project object */;
			proxyType = 1;
			remoteGlobalIDString = 9B5E69262084EC49001DA29C;
			remoteInfo = UIImageViewDemo;
		};
/* End PBXContainerItemProxy section */

/* Begin PBXFileReference section */
		9B5E69272084EC49001DA29C /* UIImageViewDemo.app */ = {isa = PBXFileReference; explicitFileType = wrapper.application; includeInIndex = 0; path = UIImageViewDemo.app; sourceTree = BUILT_PRODUCTS_DIR; };
		9B5E692A2084EC49001DA29C /* AppDelegate.h */ = {isa = PBXFileReference; lastKnownFileType = sourcecode.c.h; path = AppDelegate.h; sourceTree = "<group>"; };
		9B5E692B2084EC49001DA29C /* AppDelegate.m */ = {isa = PBXFileReference; lastKnownFileType = sourcecode.c.objc; path = AppDelegate.m; sourceTree = "<group>"; };
		9B5E692D2084EC49001DA29C /* ViewController.h */ = {isa = PBXFileReference; lastKnownFileType = sourcecode.c.h; path = ViewController.h; sourceTree = "<group>"; };
		9B5E692E2084EC49001DA29C /* ViewController.m */ = {isa = PBXFileReference; lastKnownFileType = sourcecode.c.objc; path = ViewController.m; sourceTree = "<group>"; };
		9B5E69312084EC49001DA29C /* Base */ = {isa = PBXFileReference; lastKnownFileType = file.storyboard; name = Base; path = Base.lproj/Main.storyboard; sourceTree = "<group>"; };
		9B5E69332084EC49001DA29C /* Assets.xcassets */ = {isa = PBXFileReference; lastKnownFileType = folder.assetcatalog; path = Assets.xcassets; sourceTree = "<group>"; };
		9B5E69362084EC49001DA29C /* Base */ = {isa = PBXFileReference; lastKnownFileType = file.storyboard; name = Base; path = Base.lproj/LaunchScreen.storyboard; sourceTree = "<group>"; };
		9B5E69382084EC49001DA29C /* Info.plist */ = {isa = PBXFileReference; lastKnownFileType = text.plist.xml; path = Info.plist; sourceTree = "<group>"; };
		9B5E69392084EC4A001DA29C /* main.m */ = {isa = PBXFileReference; lastKnownFileType = sourcecode.c.objc; path = main.m; sourceTree = "<group>"; };
		9B5E693F2084EC4A001DA29C /* UIImageViewDemoTests.xctest */ = {isa = PBXFileReference; explicitFileType = wrapper.cfbundle; includeInIndex = 0; path = UIImageViewDemoTests.xctest; sourceTree = BUILT_PRODUCTS_DIR; };
		9B5E69432084EC4A001DA29C /* UIImageViewDemoTests.m */ = {isa = PBXFileReference; lastKnownFileType = sourcecode.c.objc; path = UIImageViewDemoTests.m; sourceTree = "<group>"; };
		9B5E69452084EC4A001DA29C /* Info.plist */ = {isa = PBXFileReference; lastKnownFileType = text.plist.xml; path = Info.plist; sourceTree = "<group>"; };
		9B5E694A2084EC4A001DA29C /* UIImageViewDemoUITests.xctest */ = {isa = PBXFileReference; explicitFileType = wrapper.cfbundle; includeInIndex = 0; path = UIImageViewDemoUITests.xctest; sourceTree = BUILT_PRODUCTS_DIR; };
		9B5E694E2084EC4A001DA29C /* UIImageViewDemoUITests.m */ = {isa = PBXFileReference; lastKnownFileType = sourcecode.c.objc; path = UIImageViewDemoUITests.m; sourceTree = "<group>"; };
		9B5E69502084EC4A001DA29C /* Info.plist */ = {isa = PBXFileReference; lastKnownFileType = text.plist.xml; path = Info.plist; sourceTree = "<group>"; };
		9B5E695C2084ED52001DA29C /* image1.png */ = {isa = PBXFileReference; lastKnownFileType = image.png; path = image1.png; sourceTree = "<group>"; };
		9B5E695E2084EE73001DA29C /* ContentModelTableViewController.h */ = {isa = PBXFileReference; lastKnownFileType = sourcecode.c.h; path = ContentModelTableViewController.h; sourceTree = "<group>"; };
		9B5E695F2084EE73001DA29C /* ContentModelTableViewController.m */ = {isa = PBXFileReference; lastKnownFileType = sourcecode.c.objc; path = ContentModelTableViewController.m; sourceTree = "<group>"; };
		9B5E69612084F2AC001DA29C /* ContentModelViewController.h */ = {isa = PBXFileReference; lastKnownFileType = sourcecode.c.h; path = ContentModelViewController.h; sourceTree = "<group>"; };
		9B5E69622084F2AC001DA29C /* ContentModelViewController.m */ = {isa = PBXFileReference; lastKnownFileType = sourcecode.c.objc; path = ContentModelViewController.m; sourceTree = "<group>"; };
		9B5E69642084F657001DA29C /* audi.jpg */ = {isa = PBXFileReference; lastKnownFileType = image.jpeg; path = audi.jpg; sourceTree = "<group>"; };
		9B5E69662084FA7C001DA29C /* CutViewController.h */ = {isa = PBXFileReference; lastKnownFileType = sourcecode.c.h; path = CutViewController.h; sourceTree = "<group>"; };
		9B5E69672084FA7C001DA29C /* CutViewController.m */ = {isa = PBXFileReference; lastKnownFileType = sourcecode.c.objc; path = CutViewController.m; sourceTree = "<group>"; };
		9B5E69692084FDA5001DA29C /* ResizableTableViewController.h */ = {isa = PBXFileReference; lastKnownFileType = sourcecode.c.h; path = ResizableTableViewController.h; sourceTree = "<group>"; };
		9B5E696A2084FDA5001DA29C /* ResizableTableViewController.m */ = {isa = PBXFileReference; lastKnownFileType = sourcecode.c.objc; path = ResizableTableViewController.m; sourceTree = "<group>"; };
		9B5E696C2084FDBD001DA29C /* ResizableViewController.h */ = {isa = PBXFileReference; lastKnownFileType = sourcecode.c.h; path = ResizableViewController.h; sourceTree = "<group>"; };
		9B5E696D2084FDBD001DA29C /* ResizableViewController.m */ = {isa = PBXFileReference; lastKnownFileType = sourcecode.c.objc; path = ResizableViewController.m; sourceTree = "<group>"; };
		9B5E69B720863841001DA29C /* yuechongzhi_select@2x.png */ = {isa = PBXFileReference; lastKnownFileType = image.png; path = "yuechongzhi_select@2x.png"; sourceTree = "<group>"; };
		9B5E69B820863841001DA29C /* yuechongzhi_select@3x.png */ = {isa = PBXFileReference; lastKnownFileType = image.png; path = "yuechongzhi_select@3x.png"; sourceTree = "<group>"; };
		9B5E69BB208638EC001DA29C /* ButtonViewController.h */ = {isa = PBXFileReference; lastKnownFileType = sourcecode.c.h; path = ButtonViewController.h; sourceTree = "<group>"; };
		9B5E69BC208638EC001DA29C /* ButtonViewController.m */ = {isa = PBXFileReference; lastKnownFileType = sourcecode.c.objc; path = ButtonViewController.m; sourceTree = "<group>"; };
/* End PBXFileReference section */

/* Begin PBXFrameworksBuildPhase section */
		9B5E69242084EC49001DA29C /* Frameworks */ = {
			isa = PBXFrameworksBuildPhase;
			buildActionMask = 2147483647;
			files = (
			);
			runOnlyForDeploymentPostprocessing = 0;
		};
		9B5E693C2084EC4A001DA29C /* Frameworks */ = {
			isa = PBXFrameworksBuildPhase;
			buildActionMask = 2147483647;
			files = (
			);
			runOnlyForDeploymentPostprocessing = 0;
		};
		9B5E69472084EC4A001DA29C /* Frameworks */ = {
			isa = PBXFrameworksBuildPhase;
			buildActionMask = 2147483647;
			files = (
			);
			runOnlyForDeploymentPostprocessing = 0;
		};
/* End PBXFrameworksBuildPhase section */

/* Begin PBXGroup section */
		9B5E691E2084EC49001DA29C = {
			isa = PBXGroup;
			children = (
				9B5E69292084EC49001DA29C /* UIImageViewDemo */,
				9B5E69422084EC4A001DA29C /* UIImageViewDemoTests */,
				9B5E694D2084EC4A001DA29C /* UIImageViewDemoUITests */,
				9B5E69282084EC49001DA29C /* Products */,
			);
			sourceTree = "<group>";
		};
		9B5E69282084EC49001DA29C /* Products */ = {
			isa = PBXGroup;
			children = (
				9B5E69272084EC49001DA29C /* UIImageViewDemo.app */,
				9B5E693F2084EC4A001DA29C /* UIImageViewDemoTests.xctest */,
				9B5E694A2084EC4A001DA29C /* UIImageViewDemoUITests.xctest */,
			);
			name = Products;
			sourceTree = "<group>";
		};
		9B5E69292084EC49001DA29C /* UIImageViewDemo */ = {
			isa = PBXGroup;
			children = (
				9B5E692A2084EC49001DA29C /* AppDelegate.h */,
				9B5E692B2084EC49001DA29C /* AppDelegate.m */,
				9B5E692D2084EC49001DA29C /* ViewController.h */,
				9B5E692E2084EC49001DA29C /* ViewController.m */,
				9B5E695E2084EE73001DA29C /* ContentModelTableViewController.h */,
				9B5E695F2084EE73001DA29C /* ContentModelTableViewController.m */,
				9B5E69612084F2AC001DA29C /* ContentModelViewController.h */,
				9B5E69622084F2AC001DA29C /* ContentModelViewController.m */,
				9B5E69662084FA7C001DA29C /* CutViewController.h */,
				9B5E69672084FA7C001DA29C /* CutViewController.m */,
				9B5E69692084FDA5001DA29C /* ResizableTableViewController.h */,
				9B5E696A2084FDA5001DA29C /* ResizableTableViewController.m */,
				9B5E696C2084FDBD001DA29C /* ResizableViewController.h */,
				9B5E696D2084FDBD001DA29C /* ResizableViewController.m */,
				9B5E69BB208638EC001DA29C /* ButtonViewController.h */,
				9B5E69BC208638EC001DA29C /* ButtonViewController.m */,
				9B5E695C2084ED52001DA29C /* image1.png */,
				9B5E69642084F657001DA29C /* audi.jpg */,
				9B5E69B720863841001DA29C /* yuechongzhi_select@2x.png */,
				9B5E69B820863841001DA29C /* yuechongzhi_select@3x.png */,
				9B5E69302084EC49001DA29C /* Main.storyboard */,
				9B5E69332084EC49001DA29C /* Assets.xcassets */,
				9B5E69352084EC49001DA29C /* LaunchScreen.storyboard */,
				9B5E69382084EC49001DA29C /* Info.plist */,
				9B5E69392084EC4A001DA29C /* main.m */,
			);
			path = UIImageViewDemo;
			sourceTree = "<group>";
		};
		9B5E69422084EC4A001DA29C /* UIImageViewDemoTests */ = {
			isa = PBXGroup;
			children = (
				9B5E69432084EC4A001DA29C /* UIImageViewDemoTests.m */,
				9B5E69452084EC4A001DA29C /* Info.plist */,
			);
			path = UIImageViewDemoTests;
			sourceTree = "<group>";
		};
		9B5E694D2084EC4A001DA29C /* UIImageViewDemoUITests */ = {
			isa = PBXGroup;
			children = (
				9B5E694E2084EC4A001DA29C /* UIImageViewDemoUITests.m */,
				9B5E69502084EC4A001DA29C /* Info.plist */,
			);
			path = UIImageViewDemoUITests;
			sourceTree = "<group>";
		};
/* End PBXGroup section */

/* Begin PBXNativeTarget section */
		9B5E69262084EC49001DA29C /* UIImageViewDemo */ = {
			isa = PBXNativeTarget;
			buildConfigurationList = 9B5E69532084EC4A001DA29C /* Build configuration list for PBXNativeTarget "UIImageViewDemo" */;
			buildPhases = (
				9B5E69232084EC49001DA29C /* Sources */,
				9B5E69242084EC49001DA29C /* Frameworks */,
				9B5E69252084EC49001DA29C /* Resources */,
			);
			buildRules = (
			);
			dependencies = (
			);
			name = UIImageViewDemo;
			productName = UIImageViewDemo;
			productReference = 9B5E69272084EC49001DA29C /* UIImageViewDemo.app */;
			productType = "com.apple.product-type.application";
		};
		9B5E693E2084EC4A001DA29C /* UIImageViewDemoTests */ = {
			isa = PBXNativeTarget;
			buildConfigurationList = 9B5E69562084EC4A001DA29C /* Build configuration list for PBXNativeTarget "UIImageViewDemoTests" */;
			buildPhases = (
				9B5E693B2084EC4A001DA29C /* Sources */,
				9B5E693C2084EC4A001DA29C /* Frameworks */,
				9B5E693D2084EC4A001DA29C /* Resources */,
			);
			buildRules = (
			);
			dependencies = (
				9B5E69412084EC4A001DA29C /* PBXTargetDependency */,
			);
			name = UIImageViewDemoTests;
			productName = UIImageViewDemoTests;
			productReference = 9B5E693F2084EC4A001DA29C /* UIImageViewDemoTests.xctest */;
			productType = "com.apple.product-type.bundle.unit-test";
		};
		9B5E69492084EC4A001DA29C /* UIImageViewDemoUITests */ = {
			isa = PBXNativeTarget;
			buildConfigurationList = 9B5E69592084EC4A001DA29C /* Build configuration list for PBXNativeTarget "UIImageViewDemoUITests" */;
			buildPhases = (
				9B5E69462084EC4A001DA29C /* Sources */,
				9B5E69472084EC4A001DA29C /* Frameworks */,
				9B5E69482084EC4A001DA29C /* Resources */,
			);
			buildRules = (
			);
			dependencies = (
				9B5E694C2084EC4A001DA29C /* PBXTargetDependency */,
			);
			name = UIImageViewDemoUITests;
			productName = UIImageViewDemoUITests;
			productReference = 9B5E694A2084EC4A001DA29C /* UIImageViewDemoUITests.xctest */;
			productType = "com.apple.product-type.bundle.ui-testing";
		};
/* End PBXNativeTarget section */

/* Begin PBXProject section */
		9B5E691F2084EC49001DA29C /* Project object */ = {
			isa = PBXProject;
			attributes = {
				LastUpgradeCheck = 0920;
				ORGANIZATIONNAME = "八维通";
				TargetAttributes = {
					9B5E69262084EC49001DA29C = {
						CreatedOnToolsVersion = 9.2;
						ProvisioningStyle = Automatic;
					};
					9B5E693E2084EC4A001DA29C = {
						CreatedOnToolsVersion = 9.2;
						ProvisioningStyle = Automatic;
						TestTargetID = 9B5E69262084EC49001DA29C;
					};
					9B5E69492084EC4A001DA29C = {
						CreatedOnToolsVersion = 9.2;
						ProvisioningStyle = Automatic;
						TestTargetID = 9B5E69262084EC49001DA29C;
					};
				};
			};
			buildConfigurationList = 9B5E69222084EC49001DA29C /* Build configuration list for PBXProject "UIImageViewDemo" */;
			compatibilityVersion = "Xcode 8.0";
			developmentRegion = en;
			hasScannedForEncodings = 0;
			knownRegions = (
				en,
				Base,
			);
			mainGroup = 9B5E691E2084EC49001DA29C;
			productRefGroup = 9B5E69282084EC49001DA29C /* Products */;
			projectDirPath = "";
			projectRoot = "";
			targets = (
				9B5E69262084EC49001DA29C /* UIImageViewDemo */,
				9B5E693E2084EC4A001DA29C /* UIImageViewDemoTests */,
				9B5E69492084EC4A001DA29C /* UIImageViewDemoUITests */,
			);
		};
/* End PBXProject section */

/* Begin PBXResourcesBuildPhase section */
		9B5E69252084EC49001DA29C /* Resources */ = {
			isa = PBXResourcesBuildPhase;
			buildActionMask = 2147483647;
			files = (
				9B5E69B920863842001DA29C /* yuechongzhi_select@2x.png in Resources */,
				9B5E695D2084ED52001DA29C /* image1.png in Resources */,
				9B5E69372084EC49001DA29C /* LaunchScreen.storyboard in Resources */,
				9B5E69342084EC49001DA29C /* Assets.xcassets in Resources */,
				9B5E69BA20863842001DA29C /* yuechongzhi_select@3x.png in Resources */,
				9B5E69652084F657001DA29C /* audi.jpg in Resources */,
				9B5E69322084EC49001DA29C /* Main.storyboard in Resources */,
			);
			runOnlyForDeploymentPostprocessing = 0;
		};
		9B5E693D2084EC4A001DA29C /* Resources */ = {
			isa = PBXResourcesBuildPhase;
			buildActionMask = 2147483647;
			files = (
			);
			runOnlyForDeploymentPostprocessing = 0;
		};
		9B5E69482084EC4A001DA29C /* Resources */ = {
			isa = PBXResourcesBuildPhase;
			buildActionMask = 2147483647;
			files = (
			);
			runOnlyForDeploymentPostprocessing = 0;
		};
/* End PBXResourcesBuildPhase section */

/* Begin PBXSourcesBuildPhase section */
		9B5E69232084EC49001DA29C /* Sources */ = {
			isa = PBXSourcesBuildPhase;
			buildActionMask = 2147483647;
			files = (
				9B5E69632084F2AC001DA29C /* ContentModelViewController.m in Sources */,
				9B5E692F2084EC49001DA29C /* ViewController.m in Sources */,
				9B5E693A2084EC4A001DA29C /* main.m in Sources */,
				9B5E69602084EE73001DA29C /* ContentModelTableViewController.m in Sources */,
				9B5E69BD208638EC001DA29C /* ButtonViewController.m in Sources */,
				9B5E696E2084FDBD001DA29C /* ResizableViewController.m in Sources */,
				9B5E696B2084FDA5001DA29C /* ResizableTableViewController.m in Sources */,
				9B5E692C2084EC49001DA29C /* AppDelegate.m in Sources */,
				9B5E69682084FA7C001DA29C /* CutViewController.m in Sources */,
			);
			runOnlyForDeploymentPostprocessing = 0;
		};
		9B5E693B2084EC4A001DA29C /* Sources */ = {
			isa = PBXSourcesBuildPhase;
			buildActionMask = 2147483647;
			files = (
				9B5E69442084EC4A001DA29C /* UIImageViewDemoTests.m in Sources */,
			);
			runOnlyForDeploymentPostprocessing = 0;
		};
		9B5E69462084EC4A001DA29C /* Sources */ = {
			isa = PBXSourcesBuildPhase;
			buildActionMask = 2147483647;
			files = (
				9B5E694F2084EC4A001DA29C /* UIImageViewDemoUITests.m in Sources */,
			);
			runOnlyForDeploymentPostprocessing = 0;
		};
/* End PBXSourcesBuildPhase section */

/* Begin PBXTargetDependency section */
		9B5E69412084EC4A001DA29C /* PBXTargetDependency */ = {
			isa = PBXTargetDependency;
			target = 9B5E69262084EC49001DA29C /* UIImageViewDemo */;
			targetProxy = 9B5E69402084EC4A001DA29C /* PBXContainerItemProxy */;
		};
		9B5E694C2084EC4A001DA29C /* PBXTargetDependency */ = {
			isa = PBXTargetDependency;
			target = 9B5E69262084EC49001DA29C /* UIImageViewDemo */;
			targetProxy = 9B5E694B2084EC4A001DA29C /* PBXContainerItemProxy */;
		};
/* End PBXTargetDependency section */

/* Begin PBXVariantGroup section */
		9B5E69302084EC49001DA29C /* Main.storyboard */ = {
			isa = PBXVariantGroup;
			children = (
				9B5E69312084EC49001DA29C /* Base */,
			);
			name = Main.storyboard;
			sourceTree = "<group>";
		};
		9B5E69352084EC49001DA29C /* LaunchScreen.storyboard */ = {
			isa = PBXVariantGroup;
			children = (
				9B5E69362084EC49001DA29C /* Base */,
			);
			name = LaunchScreen.storyboard;
			sourceTree = "<group>";
		};
/* End PBXVariantGroup section */

/* Begin XCBuildConfiguration section */
		9B5E69512084EC4A001DA29C /* Debug */ = {
			isa = XCBuildConfiguration;
			buildSettings = {
				ALWAYS_SEARCH_USER_PATHS = NO;
				CLANG_ANALYZER_NONNULL = YES;
				CLANG_ANALYZER_NUMBER_OBJECT_CONVERSION = YES_AGGRESSIVE;
				CLANG_CXX_LANGUAGE_STANDARD = "gnu++14";
				CLANG_CXX_LIBRARY = "libc++";
				CLANG_ENABLE_MODULES = YES;
				CLANG_ENABLE_OBJC_ARC = YES;
				CLANG_WARN_BLOCK_CAPTURE_AUTORELEASING = YES;
				CLANG_WARN_BOOL_CONVERSION = YES;
				CLANG_WARN_COMMA = YES;
				CLANG_WARN_CONSTANT_CONVERSION = YES;
				CLANG_WARN_DIRECT_OBJC_ISA_USAGE = YES_ERROR;
				CLANG_WARN_DOCUMENTATION_COMMENTS = YES;
				CLANG_WARN_EMPTY_BODY = YES;
				CLANG_WARN_ENUM_CONVERSION = YES;
				CLANG_WARN_INFINITE_RECURSION = YES;
				CLANG_WARN_INT_CONVERSION = YES;
				CLANG_WARN_NON_LITERAL_NULL_CONVERSION = YES;
				CLANG_WARN_OBJC_LITERAL_CONVERSION = YES;
				CLANG_WARN_OBJC_ROOT_CLASS = YES_ERROR;
				CLANG_WARN_RANGE_LOOP_ANALYSIS = YES;
				CLANG_WARN_STRICT_PROTOTYPES = YES;
				CLANG_WARN_SUSPICIOUS_MOVE = YES;
				CLANG_WARN_UNGUARDED_AVAILABILITY = YES_AGGRESSIVE;
				CLANG_WARN_UNREACHABLE_CODE = YES;
				CLANG_WARN__DUPLICATE_METHOD_MATCH = YES;
				CODE_SIGN_IDENTITY = "iPhone Developer";
				COPY_PHASE_STRIP = NO;
				DEBUG_INFORMATION_FORMAT = dwarf;
				ENABLE_STRICT_OBJC_MSGSEND = YES;
				ENABLE_TESTABILITY = YES;
				GCC_C_LANGUAGE_STANDARD = gnu11;
				GCC_DYNAMIC_NO_PIC = NO;
				GCC_NO_COMMON_BLOCKS = YES;
				GCC_OPTIMIZATION_LEVEL = 0;
				GCC_PREPROCESSOR_DEFINITIONS = (
					"DEBUG=1",
					"$(inherited)",
				);
				GCC_WARN_64_TO_32_BIT_CONVERSION = YES;
				GCC_WARN_ABOUT_RETURN_TYPE = YES_ERROR;
				GCC_WARN_UNDECLARED_SELECTOR = YES;
				GCC_WARN_UNINITIALIZED_AUTOS = YES_AGGRESSIVE;
				GCC_WARN_UNUSED_FUNCTION = YES;
				GCC_WARN_UNUSED_VARIABLE = YES;
				IPHONEOS_DEPLOYMENT_TARGET = 11.2;
				MTL_ENABLE_DEBUG_INFO = YES;
				ONLY_ACTIVE_ARCH = YES;
				SDKROOT = iphoneos;
			};
			name = Debug;
		};
		9B5E69522084EC4A001DA29C /* Release */ = {
			isa = XCBuildConfiguration;
			buildSettings = {
				ALWAYS_SEARCH_USER_PATHS = NO;
				CLANG_ANALYZER_NONNULL = YES;
				CLANG_ANALYZER_NUMBER_OBJECT_CONVERSION = YES_AGGRESSIVE;
				CLANG_CXX_LANGUAGE_STANDARD = "gnu++14";
				CLANG_CXX_LIBRARY = "libc++";
				CLANG_ENABLE_MODULES = YES;
				CLANG_ENABLE_OBJC_ARC = YES;
				CLANG_WARN_BLOCK_CAPTURE_AUTORELEASING = YES;
				CLANG_WARN_BOOL_CONVERSION = YES;
				CLANG_WARN_COMMA = YES;
				CLANG_WARN_CONSTANT_CONVERSION = YES;
				CLANG_WARN_DIRECT_OBJC_ISA_USAGE = YES_ERROR;
				CLANG_WARN_DOCUMENTATION_COMMENTS = YES;
				CLANG_WARN_EMPTY_BODY = YES;
				CLANG_WARN_ENUM_CONVERSION = YES;
				CLANG_WARN_INFINITE_RECURSION = YES;
				CLANG_WARN_INT_CONVERSION = YES;
				CLANG_WARN_NON_LITERAL_NULL_CONVERSION = YES;
				CLANG_WARN_OBJC_LITERAL_CONVERSION = YES;
				CLANG_WARN_OBJC_ROOT_CLASS = YES_ERROR;
				CLANG_WARN_RANGE_LOOP_ANALYSIS = YES;
				CLANG_WARN_STRICT_PROTOTYPES = YES;
				CLANG_WARN_SUSPICIOUS_MOVE = YES;
				CLANG_WARN_UNGUARDED_AVAILABILITY = YES_AGGRESSIVE;
				CLANG_WARN_UNREACHABLE_CODE = YES;
				CLANG_WARN__DUPLICATE_METHOD_MATCH = YES;
				CODE_SIGN_IDENTITY = "iPhone Developer";
				COPY_PHASE_STRIP = NO;
				DEBUG_INFORMATION_FORMAT = "dwarf-with-dsym";
				ENABLE_NS_ASSERTIONS = NO;
				ENABLE_STRICT_OBJC_MSGSEND = YES;
				GCC_C_LANGUAGE_STANDARD = gnu11;
				GCC_NO_COMMON_BLOCKS = YES;
				GCC_WARN_64_TO_32_BIT_CONVERSION = YES;
				GCC_WARN_ABOUT_RETURN_TYPE = YES_ERROR;
				GCC_WARN_UNDECLARED_SELECTOR = YES;
				GCC_WARN_UNINITIALIZED_AUTOS = YES_AGGRESSIVE;
				GCC_WARN_UNUSED_FUNCTION = YES;
				GCC_WARN_UNUSED_VARIABLE = YES;
				IPHONEOS_DEPLOYMENT_TARGET = 11.2;
				MTL_ENABLE_DEBUG_INFO = NO;
				SDKROOT = iphoneos;
				VALIDATE_PRODUCT = YES;
			};
			name = Release;
		};
		9B5E69542084EC4A001DA29C /* Debug */ = {
			isa = XCBuildConfiguration;
			buildSettings = {
				ASSETCATALOG_COMPILER_APPICON_NAME = AppIcon;
				CODE_SIGN_STYLE = Automatic;
				DEVELOPMENT_TEAM = NT6BP8667Z;
				INFOPLIST_FILE = UIImageViewDemo/Info.plist;
				LD_RUNPATH_SEARCH_PATHS = "$(inherited) @executable_path/Frameworks";
				PRODUCT_BUNDLE_IDENTIFIER = bwton.UIImageViewDemo;
				PRODUCT_NAME = "$(TARGET_NAME)";
				TARGETED_DEVICE_FAMILY = "1,2";
			};
			name = Debug;
		};
		9B5E69552084EC4A001DA29C /* Release */ = {
			isa = XCBuildConfiguration;
			buildSettings = {
				ASSETCATALOG_COMPILER_APPICON_NAME = AppIcon;
				CODE_SIGN_STYLE = Automatic;
				DEVELOPMENT_TEAM = NT6BP8667Z;
				INFOPLIST_FILE = UIImageViewDemo/Info.plist;
				LD_RUNPATH_SEARCH_PATHS = "$(inherited) @executable_path/Frameworks";
				PRODUCT_BUNDLE_IDENTIFIER = bwton.UIImageViewDemo;
				PRODUCT_NAME = "$(TARGET_NAME)";
				TARGETED_DEVICE_FAMILY = "1,2";
			};
			name = Release;
		};
		9B5E69572084EC4A001DA29C /* Debug */ = {
			isa = XCBuildConfiguration;
			buildSettings = {
				BUNDLE_LOADER = "$(TEST_HOST)";
				CODE_SIGN_STYLE = Automatic;
				DEVELOPMENT_TEAM = NT6BP8667Z;
				INFOPLIST_FILE = UIImageViewDemoTests/Info.plist;
				LD_RUNPATH_SEARCH_PATHS = "$(inherited) @executable_path/Frameworks @loader_path/Frameworks";
				PRODUCT_BUNDLE_IDENTIFIER = bwton.UIImageViewDemoTests;
				PRODUCT_NAME = "$(TARGET_NAME)";
				TARGETED_DEVICE_FAMILY = "1,2";
				TEST_HOST = "$(BUILT_PRODUCTS_DIR)/UIImageViewDemo.app/UIImageViewDemo";
			};
			name = Debug;
		};
		9B5E69582084EC4A001DA29C /* Release */ = {
			isa = XCBuildConfiguration;
			buildSettings = {
				BUNDLE_LOADER = "$(TEST_HOST)";
				CODE_SIGN_STYLE = Automatic;
				DEVELOPMENT_TEAM = NT6BP8667Z;
				INFOPLIST_FILE = UIImageViewDemoTests/Info.plist;
				LD_RUNPATH_SEARCH_PATHS = "$(inherited) @executable_path/Frameworks @loader_path/Frameworks";
				PRODUCT_BUNDLE_IDENTIFIER = bwton.UIImageViewDemoTests;
				PRODUCT_NAME = "$(TARGET_NAME)";
				TARGETED_DEVICE_FAMILY = "1,2";
				TEST_HOST = "$(BUILT_PRODUCTS_DIR)/UIImageViewDemo.app/UIImageViewDemo";
			};
			name = Release;
		};
		9B5E695A2084EC4A001DA29C /* Debug */ = {
			isa = XCBuildConfiguration;
			buildSettings = {
				CODE_SIGN_STYLE = Automatic;
				DEVELOPMENT_TEAM = NT6BP8667Z;
				INFOPLIST_FILE = UIImageViewDemoUITests/Info.plist;
				LD_RUNPATH_SEARCH_PATHS = "$(inherited) @executable_path/Frameworks @loader_path/Frameworks";
				PRODUCT_BUNDLE_IDENTIFIER = bwton.UIImageViewDemoUITests;
				PRODUCT_NAME = "$(TARGET_NAME)";
				TARGETED_DEVICE_FAMILY = "1,2";
				TEST_TARGET_NAME = UIImageViewDemo;
			};
			name = Debug;
		};
		9B5E695B2084EC4A001DA29C /* Release */ = {
			isa = XCBuildConfiguration;
			buildSettings = {
				CODE_SIGN_STYLE = Automatic;
				DEVELOPMENT_TEAM = NT6BP8667Z;
				INFOPLIST_FILE = UIImageViewDemoUITests/Info.plist;
				LD_RUNPATH_SEARCH_PATHS = "$(inherited) @executable_path/Frameworks @loader_path/Frameworks";
				PRODUCT_BUNDLE_IDENTIFIER = bwton.UIImageViewDemoUITests;
				PRODUCT_NAME = "$(TARGET_NAME)";
				TARGETED_DEVICE_FAMILY = "1,2";
				TEST_TARGET_NAME = UIImageViewDemo;
			};
			name = Release;
		};
/* End XCBuildConfiguration section */

/* Begin XCConfigurationList section */
		9B5E69222084EC49001DA29C /* Build configuration list for PBXProject "UIImageViewDemo" */ = {
			isa = XCConfigurationList;
			buildConfigurations = (
				9B5E69512084EC4A001DA29C /* Debug */,
				9B5E69522084EC4A001DA29C /* Release */,
			);
			defaultConfigurationIsVisible = 0;
			defaultConfigurationName = Release;
		};
		9B5E69532084EC4A001DA29C /* Build configuration list for PBXNativeTarget "UIImageViewDemo" */ = {
			isa = XCConfigurationList;
			buildConfigurations = (
				9B5E69542084EC4A001DA29C /* Debug */,
				9B5E69552084EC4A001DA29C /* Release */,
			);
			defaultConfigurationIsVisible = 0;
			defaultConfigurationName = Release;
		};
		9B5E69562084EC4A001DA29C /* Build configuration list for PBXNativeTarget "UIImageViewDemoTests" */ = {
			isa = XCConfigurationList;
			buildConfigurations = (
				9B5E69572084EC4A001DA29C /* Debug */,
				9B5E69582084EC4A001DA29C /* Release */,
			);
			defaultConfigurationIsVisible = 0;
			defaultConfigurationName = Release;
		};
		9B5E69592084EC4A001DA29C /* Build configuration list for PBXNativeTarget "UIImageViewDemoUITests" */ = {
			isa = XCConfigurationList;
			buildConfigurations = (
				9B5E695A2084EC4A001DA29C /* Debug */,
				9B5E695B2084EC4A001DA29C /* Release */,
			);
			defaultConfigurationIsVisible = 0;
			defaultConfigurationName = Release;
		};
/* End XCConfigurationList section */
	};
	rootObject = 9B5E691F2084EC49001DA29C /* Project object */;
}
